github.com/aws/aws-lambda-go v1.34.1 h1:M3a/uFYBjii+tDcOJ0wL/WyFi2550FHoECdPf27zvOs=
github.com/aws/aws-lambda-go v1.34.1/go.mod h1:jwFe2KmMsHmffA1X2R09hH6lFzJQxzI8qK17ewzbQMM=
github.com/davecgh/go-spew v1.1.1 h1:vj9j/u1bqnvCEfJOwUhtlOARqs3+rkHYY13jYWTU97c=
github.com/google/uuid v1.3.0 h1:t6JiXgmwXMjEs8VusXIJk2BXHsn+wx8BZdTaoZ5fu7I=
github.com/google/uuid v1.3.0/go.mod h1:TIyPZe4MgqvfeYDBFedMoGGpEw/LqOeaOT+nhxU+yHo=
github.com/ipthomas/tukcnst v1.0.10 h1:ot7Swc+dvB7zwoU42n56OmjoDq8xtvpHhQSOXtwG1sM=
github.com/ipthomas/tukcnst v1.0.10/go.mod h1:ciOdJbw8hryjilsWjN0vhtF3ZbSfEKUd7wfzU0IZ2X8=
github.com/ipthomas/tukhttp v1.0.10 h1:W3lx29ctljLGLAuK4f/4aD0esIob5cN1YbrPb17miKk=
github.com/ipthomas/tukhttp v1.0.10/go.mod h1:miRUORsOw/VmqilnGPTRb72i3zD+kEzCYaRLkOJy6X4=
github.com/ipthomas/tukpdq v1.1.1 h1:lwZc+tLhZhCOfKvU3sbEn+yrl2XO0H0lImNtNWdxr9g=
github.com/ipthomas/tukpdq v1.1.1/go.mod h1:nkHnGRYYn1HrUUsw4a6X76V6j5cSoAR5p8V6NG6SQJ0=
github.com/ipthomas/tukutil v1.0.10 h1:9wVHnyzERsTLhzz0Ob5HDoXFYzAH49ulw9iWeZSo3TA=
github.com/ipthomas/tukutil v1.0.10/go.mod h1:O3bE0LCck8gtABMNprLwNRtfrFh7n0ewMfYioxsj6PQ=
github.com/pmezard/go-difflib v1.0.0 h1:4DBwDE0NGyQoBHbLQYPwSUPoCMWR5BEzIk/f1lZbAQM=
github.com/stretchr/testify v1.7.2 h1:4jaiDzPyXQvSd7D0EjG45355tLlV3VOECpq10pLC+8s=
gopkg.in/yaml.v3 v3.0.1 h1:fxVm/GzAzEWqLHuvctI91KS9hhNmmWOoWu0XTYJS7CA=
