github.com/aws/aws-lambda-go v1.34.1 h1:M3a/uFYBjii+tDcOJ0wL/WyFi2550FHoECdPf27zvOs=
github.com/aws/aws-lambda-go v1.34.1/go.mod h1:jwFe2KmMsHmffA1X2R09hH6lFzJQxzI8qK17ewzbQMM=
github.com/aws/aws-lambda-go v1.35.0 h1:iocVDy5Cw5SCRrKOPHwarkdFwwy48OkfmHoE6SJ3ATg=
github.com/aws/aws-lambda-go v1.35.0/go.mod h1:jwFe2KmMsHmffA1X2R09hH6lFzJQxzI8qK17ewzbQMM=
github.com/davecgh/go-spew v1.1.1 h1:vj9j/u1bqnvCEfJOwUhtlOARqs3+rkHYY13jYWTU97c=
github.com/google/uuid v1.3.0 h1:t6JiXgmwXMjEs8VusXIJk2BXHsn+wx8BZdTaoZ5fu7I=
github.com/google/uuid v1.3.0/go.mod h1:TIyPZe4MgqvfeYDBFedMoGGpEw/LqOeaOT+nhxU+yHo=
github.com/ipthomas/tukcnst v1.3.0 h1:gp0VjuhVOToOfLirsgG/Mor6RvHSQFdhr+hy/NESAzQ=
github.com/ipthomas/tukcnst v1.3.0/go.mod h1:ciOdJbw8hryjilsWjN0vhtF3ZbSfEKUd7wfzU0IZ2X8=
github.com/ipthomas/tukcnst v1.3.3 h1:DCjCAAlCvAX0sWHv/SBPDuuvIV9YS7wnJrBkH4pt3zs=
github.com/ipthomas/tukcnst v1.3.3/go.mod h1:ciOdJbw8hryjilsWjN0vhtF3ZbSfEKUd7wfzU0IZ2X8=
github.com/ipthomas/tukhttp v1.3.0 h1:tl5pI0wUOTPTWYtuzezwS1s6HJ3xA17MGNwyl0J1SJs=
github.com/ipthomas/tukhttp v1.3.0/go.mod h1:u2h0kySSYoIHGUu/wHjkWjx8fzKKEGiQdRY4NRUj6Lg=
github.com/ipthomas/tukhttp v1.3.4 h1:PJJT6yiDQYNh8Vx6B86xTeYDNdv82MF48Z7ZyUlh1z4=
github.com/ipthomas/tukhttp v1.3.4/go.mod h1:6fTxQpAGiCmX0Ldrst2UocjrNt2y6clsywJLp7kII/4=
github.com/ipthomas/tukpdq v1.3.0 h1:HJbHUOASV7W7fd82xEoIZJW16P1Fu2vzNhV32SXezGY=
github.com/ipthomas/tukpdq v1.3.0/go.mod h1:SY/eF28W/F8/PBzxq6GGhXL7vsKC7msZLTd92sCHsg4=
github.com/ipthomas/tukpdq v1.3.4 h1:NleGzwOTNu9bOhXRd9d+emSAZLzH9ji1j7rPLgOud0Y=
github.com/ipthomas/tukpdq v1.3.4/go.mod h1:YhUFYF9HpdyfyjuRSauiLnKZ5i1zPMLOuzMxxb++xoo=
github.com/ipthomas/tukutil v1.3.0 h1:lZjtbGA5XTwMJTTTxxOExkWTFQtUhsufY7i2IwZM2JA=
github.com/ipthomas/tukutil v1.3.0/go.mod h1:77XhJgst+cz/jGx8+SeBgvaZ+WhKBRwmd2zoBcKOGGs=
github.com/ipthomas/tukutil v1.3.3 h1:g/hteLypDvPGsB6VoBwe1Vs+H7dPbonNRwnJtHTLeYc=
github.com/ipthomas/tukutil v1.3.3/go.mod h1:cgLt0kO9rA3cobp265FHdAYhDUAeeAE1VaJK2KMy28c=
github.com/pmezard/go-difflib v1.0.0 h1:4DBwDE0NGyQoBHbLQYPwSUPoCMWR5BEzIk/f1lZbAQM=
github.com/stretchr/testify v1.7.2 h1:4jaiDzPyXQvSd7D0EjG45355tLlV3VOECpq10pLC+8s=
gopkg.in/yaml.v3 v3.0.1 h1:fxVm/GzAzEWqLHuvctI91KS9hhNmmWOoWu0XTYJS7CA=
