github.com/aws/aws-lambda-go v1.34.1 h1:M3a/uFYBjii+tDcOJ0wL/WyFi2550FHoECdPf27zvOs=
github.com/aws/aws-lambda-go v1.34.1/go.mod h1:jwFe2KmMsHmffA1X2R09hH6lFzJQxzI8qK17ewzbQMM=
github.com/davecgh/go-spew v1.1.1 h1:vj9j/u1bqnvCEfJOwUhtlOARqs3+rkHYY13jYWTU97c=
github.com/google/uuid v1.3.0 h1:t6JiXgmwXMjEs8VusXIJk2BXHsn+wx8BZdTaoZ5fu7I=
github.com/google/uuid v1.3.0/go.mod h1:TIyPZe4MgqvfeYDBFedMoGGpEw/LqOeaOT+nhxU+yHo=
github.com/ipthomas/tukcnst v1.2.10 h1:8W7TkJqIXy9zhHUFUd5OZlUbmhd0ERv7leayxdp5zt4=
github.com/ipthomas/tukcnst v1.2.10/go.mod h1:ciOdJbw8hryjilsWjN0vhtF3ZbSfEKUd7wfzU0IZ2X8=
github.com/ipthomas/tukhttp v1.2.8 h1:L5xvKabmYQDVbE99d5e6QVNrh+aF63eu+PeEcsMse0w=
github.com/ipthomas/tukhttp v1.2.8/go.mod h1:AdLJDfe/h5FDVpwTVL5VrdVaUIlOUz0ehgXbNnkSlc8=
github.com/ipthomas/tukhttp v1.2.9 h1:cwOI8hCxERJpWo+TsAK6jYs90da2hNG/qn9sds8iynU=
github.com/ipthomas/tukhttp v1.2.9/go.mod h1:AdLJDfe/h5FDVpwTVL5VrdVaUIlOUz0ehgXbNnkSlc8=
github.com/ipthomas/tukpdq v1.2.11 h1:RcFQnQW/l4xJuy5NY30sgca8sGYR1+2934djQ+o2ZXs=
github.com/ipthomas/tukpdq v1.2.11/go.mod h1:I9b+INmDzh9MH2b9iHWS24USqNBQanbOLWZuiwqYd80=
github.com/ipthomas/tukpdq v1.2.17 h1:aHSZ8nYyKimC4TqS4jIaPEfTv8CXCnhYuK/2rM74dCg=
github.com/ipthomas/tukpdq v1.2.17/go.mod h1:kO0ADEhf3OFSQD9ZdzQo3XW2Xtw8jvMcl/VVryyBPzE=
github.com/ipthomas/tukutil v1.2.3 h1:GyPuELTeQSmR+ilypuRWl9z7P7Dh3HqpPevsdD6ZgEg=
github.com/ipthomas/tukutil v1.2.3/go.mod h1:9CxRQbriuzSO57l+xpcWPdlEbEI2uf+jlOYoIgrldDU=
github.com/ipthomas/tukutil v1.2.4 h1:krbPqelk+JngkHSGFFdaiFHCuHtsp9dnrgUwqRu+CRE=
github.com/ipthomas/tukutil v1.2.4/go.mod h1:9CxRQbriuzSO57l+xpcWPdlEbEI2uf+jlOYoIgrldDU=
github.com/pmezard/go-difflib v1.0.0 h1:4DBwDE0NGyQoBHbLQYPwSUPoCMWR5BEzIk/f1lZbAQM=
github.com/stretchr/testify v1.7.2 h1:4jaiDzPyXQvSd7D0EjG45355tLlV3VOECpq10pLC+8s=
gopkg.in/yaml.v3 v3.0.1 h1:fxVm/GzAzEWqLHuvctI91KS9hhNmmWOoWu0XTYJS7CA=
